
Microsoft Visual Studio Solution File, Format Version 12.00
# Visual Studio 2013
VisualStudioVersion = 12.0.31101.0
MinimumVisualStudioVersion = 10.0.40219.1
Project("{FAE04EC0-301F-11D3-BF4B-00C04F79EFBC}") = "01. FibonacciNumbers", "01. FibonacciNumbers\01. FibonacciNumbers.csproj", "{BE0EA305-EC06-4D25-A0E3-CF400244120F}"
EndProject
Project("{FAE04EC0-301F-11D3-BF4B-00C04F79EFBC}") = "02. PrimeChecker", "02. PrimeChecker\02. PrimeChecker.csproj", "{E96DF134-2CE5-4018-B1EA-E918A6B6E49C}"
EndProject
Project("{FAE04EC0-301F-11D3-BF4B-00C04F79EFBC}") = "03. PrimesInGivenRange", "03. PrimesInGivenRange\03. PrimesInGivenRange.csproj", "{A3E2C4CE-EB79-484C-8A42-3C2D47BD7F7F}"
EndProject
Project("{FAE04EC0-301F-11D3-BF4B-00C04F79EFBC}") = "04. DiffBetweenDates", "04. Timespan\04. DiffBetweenDates.csproj", "{259D25A0-51AE-4118-B452-3C0A68B6F041}"
EndProject
Project("{FAE04EC0-301F-11D3-BF4B-00C04F79EFBC}") = "05. PointClass", "05. PointClass\05. PointClass.csproj", "{F6D35498-71B5-4D56-9964-6745FA54A0BE}"
EndProject
Project("{FAE04EC0-301F-11D3-BF4B-00C04F79EFBC}") = "06. CalculatePolygon", "06. CalculatePolygon\06. CalculatePolygon.csproj", "{654D4714-1E15-47C8-BD1C-5C2AFCFC5177}"
EndProject
Global
	GlobalSection(SolutionConfigurationPlatforms) = preSolution
		Debug|Any CPU = Debug|Any CPU
		Release|Any CPU = Release|Any CPU
	EndGlobalSection
	GlobalSection(ProjectConfigurationPlatforms) = postSolution
		{BE0EA305-EC06-4D25-A0E3-CF400244120F}.Debug|Any CPU.ActiveCfg = Debug|Any CPU
		{BE0EA305-EC06-4D25-A0E3-CF400244120F}.Debug|Any CPU.Build.0 = Debug|Any CPU
		{BE0EA305-EC06-4D25-A0E3-CF400244120F}.Release|Any CPU.ActiveCfg = Release|Any CPU
		{BE0EA305-EC06-4D25-A0E3-CF400244120F}.Release|Any CPU.Build.0 = Release|Any CPU
		{E96DF134-2CE5-4018-B1EA-E918A6B6E49C}.Debug|Any CPU.ActiveCfg = Debug|Any CPU
		{E96DF134-2CE5-4018-B1EA-E918A6B6E49C}.Debug|Any CPU.Build.0 = Debug|Any CPU
		{E96DF134-2CE5-4018-B1EA-E918A6B6E49C}.Release|Any CPU.ActiveCfg = Release|Any CPU
		{E96DF134-2CE5-4018-B1EA-E918A6B6E49C}.Release|Any CPU.Build.0 = Release|Any CPU
		{A3E2C4CE-EB79-484C-8A42-3C2D47BD7F7F}.Debug|Any CPU.ActiveCfg = Debug|Any CPU
		{A3E2C4CE-EB79-484C-8A42-3C2D47BD7F7F}.Debug|Any CPU.Build.0 = Debug|Any CPU
		{A3E2C4CE-EB79-484C-8A42-3C2D47BD7F7F}.Release|Any CPU.ActiveCfg = Release|Any CPU
		{A3E2C4CE-EB79-484C-8A42-3C2D47BD7F7F}.Release|Any CPU.Build.0 = Release|Any CPU
		{259D25A0-51AE-4118-B452-3C0A68B6F041}.Debug|Any CPU.ActiveCfg = Debug|Any CPU
		{259D25A0-51AE-4118-B452-3C0A68B6F041}.Debug|Any CPU.Build.0 = Debug|Any CPU
		{259D25A0-51AE-4118-B452-3C0A68B6F041}.Release|Any CPU.ActiveCfg = Release|Any CPU
		{259D25A0-51AE-4118-B452-3C0A68B6F041}.Release|Any CPU.Build.0 = Release|Any CPU
		{F6D35498-71B5-4D56-9964-6745FA54A0BE}.Debug|Any CPU.ActiveCfg = Debug|Any CPU
		{F6D35498-71B5-4D56-9964-6745FA54A0BE}.Debug|Any CPU.Build.0 = Debug|Any CPU
		{F6D35498-71B5-4D56-9964-6745FA54A0BE}.Release|Any CPU.ActiveCfg = Release|Any CPU
		{F6D35498-71B5-4D56-9964-6745FA54A0BE}.Release|Any CPU.Build.0 = Release|Any CPU
		{654D4714-1E15-47C8-BD1C-5C2AFCFC5177}.Debug|Any CPU.ActiveCfg = Debug|Any CPU
		{654D4714-1E15-47C8-BD1C-5C2AFCFC5177}.Debug|Any CPU.Build.0 = Debug|Any CPU
		{654D4714-1E15-47C8-BD1C-5C2AFCFC5177}.Release|Any CPU.ActiveCfg = Release|Any CPU
		{654D4714-1E15-47C8-BD1C-5C2AFCFC5177}.Release|Any CPU.Build.0 = Release|Any CPU
	EndGlobalSection
	GlobalSection(SolutionProperties) = preSolution
		HideSolutionNode = FALSE
	EndGlobalSection
EndGlobal
