
Microsoft Visual Studio Solution File, Format Version 12.00
# Visual Studio 2013
VisualStudioVersion = 12.0.31101.0
MinimumVisualStudioVersion = 10.0.40219.1
Project("{FAE04EC0-301F-11D3-BF4B-00C04F79EFBC}") = "01. SumOfThreeNumbers", "01. SumOfThreeNumbers\01. SumOfThreeNumbers.csproj", "{8611E70C-B722-460F-84E7-21278EEFAC95}"
EndProject
Project("{FAE04EC0-301F-11D3-BF4B-00C04F79EFBC}") = "02. CompanyInfo", "02. CompanyInfo\02. CompanyInfo.csproj", "{B2FF271B-84E2-47CE-8ADB-0849A3072A6A}"
EndProject
Project("{FAE04EC0-301F-11D3-BF4B-00C04F79EFBC}") = "03. CalculateCirclePerimeterAndArea", "03. CalculateCirclePerimeterAndArea\03. CalculateCirclePerimeterAndArea.csproj", "{028BA973-EEDB-4063-895F-07FCA3920A51}"
EndProject
Project("{FAE04EC0-301F-11D3-BF4B-00C04F79EFBC}") = "04. CompareNumbers", "06. CompareNumbers\04. CompareNumbers.csproj", "{56939D76-5C90-4673-AF71-32D2C7DD904D}"
EndProject
Project("{FAE04EC0-301F-11D3-BF4B-00C04F79EFBC}") = "05. FormattingNumbers", "05. FormattingNumbers\05. FormattingNumbers.csproj", "{120099CF-9412-43E6-A38D-4DADE7420391}"
EndProject
Project("{FAE04EC0-301F-11D3-BF4B-00C04F79EFBC}") = "06. QuadraticEquation", "06. QuadraticEquation\06. QuadraticEquation.csproj", "{6CF07C8B-8B47-477A-BA6F-6B99C749576B}"
EndProject
Project("{FAE04EC0-301F-11D3-BF4B-00C04F79EFBC}") = "07. SumOfFiveNums", "07. SumOfFiveNums\07. SumOfFiveNums.csproj", "{D3C86E30-243F-4221-9E57-599050392823}"
EndProject
Project("{FAE04EC0-301F-11D3-BF4B-00C04F79EFBC}") = "08. PrintNumbers", "08. PrintNumbers\08. PrintNumbers.csproj", "{79CCDBC9-C4F5-436E-962F-D473F5103A4B}"
EndProject
Project("{FAE04EC0-301F-11D3-BF4B-00C04F79EFBC}") = "09. SumOfN", "09. SumOfN\09. SumOfN.csproj", "{6778E35F-96ED-492B-92D7-AD87703C14EC}"
EndProject
Project("{FAE04EC0-301F-11D3-BF4B-00C04F79EFBC}") = "10. FibonacciNumbers", "10. FibonacciNumbers\10. FibonacciNumbers.csproj", "{E6FC509C-783A-4229-B562-868230153B40}"
EndProject
Project("{FAE04EC0-301F-11D3-BF4B-00C04F79EFBC}") = "11. NumbersBetweenNumbers", "11. NumbersBetweenNumbers\11. NumbersBetweenNumbers.csproj", "{7227C07A-EBBE-421D-9A74-98316D65BB5E}"
EndProject
Project("{FAE04EC0-301F-11D3-BF4B-00C04F79EFBC}") = "12. WorkHours", "12. LeliaVanche\12. WorkHours.csproj", "{21EED804-B8C8-4AEA-8A9C-9F426F351BB5}"
EndProject
Project("{FAE04EC0-301F-11D3-BF4B-00C04F79EFBC}") = "13. SumOfElements", "13. SumOfElements\13. SumOfElements.csproj", "{997A473C-6AF3-46B6-A88D-E98EFADDF8ED}"
EndProject
Project("{FAE04EC0-301F-11D3-BF4B-00C04F79EFBC}") = "14. NewHouse", "14. NewHouse\14. NewHouse.csproj", "{C602BD76-F278-4B17-84F5-2D2062AE9AAC}"
EndProject
Project("{FAE04EC0-301F-11D3-BF4B-00C04F79EFBC}") = "15. MagicStrings", "15. MagicStrings\15. MagicStrings.csproj", "{27D2CB01-4865-40C9-BABA-DC5758BAFD5E}"
EndProject
Project("{FAE04EC0-301F-11D3-BF4B-00C04F79EFBC}") = "16. CatchTheBits", "16. CatchTheBits\16. CatchTheBits.csproj", "{E6C46CC6-3613-4A79-86A3-E10A5D0A2FE7}"
EndProject
Global
	GlobalSection(SolutionConfigurationPlatforms) = preSolution
		Debug|Any CPU = Debug|Any CPU
		Release|Any CPU = Release|Any CPU
	EndGlobalSection
	GlobalSection(ProjectConfigurationPlatforms) = postSolution
		{8611E70C-B722-460F-84E7-21278EEFAC95}.Debug|Any CPU.ActiveCfg = Debug|Any CPU
		{8611E70C-B722-460F-84E7-21278EEFAC95}.Debug|Any CPU.Build.0 = Debug|Any CPU
		{8611E70C-B722-460F-84E7-21278EEFAC95}.Release|Any CPU.ActiveCfg = Release|Any CPU
		{8611E70C-B722-460F-84E7-21278EEFAC95}.Release|Any CPU.Build.0 = Release|Any CPU
		{B2FF271B-84E2-47CE-8ADB-0849A3072A6A}.Debug|Any CPU.ActiveCfg = Debug|Any CPU
		{B2FF271B-84E2-47CE-8ADB-0849A3072A6A}.Debug|Any CPU.Build.0 = Debug|Any CPU
		{B2FF271B-84E2-47CE-8ADB-0849A3072A6A}.Release|Any CPU.ActiveCfg = Release|Any CPU
		{B2FF271B-84E2-47CE-8ADB-0849A3072A6A}.Release|Any CPU.Build.0 = Release|Any CPU
		{028BA973-EEDB-4063-895F-07FCA3920A51}.Debug|Any CPU.ActiveCfg = Debug|Any CPU
		{028BA973-EEDB-4063-895F-07FCA3920A51}.Debug|Any CPU.Build.0 = Debug|Any CPU
		{028BA973-EEDB-4063-895F-07FCA3920A51}.Release|Any CPU.ActiveCfg = Release|Any CPU
		{028BA973-EEDB-4063-895F-07FCA3920A51}.Release|Any CPU.Build.0 = Release|Any CPU
		{56939D76-5C90-4673-AF71-32D2C7DD904D}.Debug|Any CPU.ActiveCfg = Debug|Any CPU
		{56939D76-5C90-4673-AF71-32D2C7DD904D}.Debug|Any CPU.Build.0 = Debug|Any CPU
		{56939D76-5C90-4673-AF71-32D2C7DD904D}.Release|Any CPU.ActiveCfg = Release|Any CPU
		{56939D76-5C90-4673-AF71-32D2C7DD904D}.Release|Any CPU.Build.0 = Release|Any CPU
		{120099CF-9412-43E6-A38D-4DADE7420391}.Debug|Any CPU.ActiveCfg = Debug|Any CPU
		{120099CF-9412-43E6-A38D-4DADE7420391}.Debug|Any CPU.Build.0 = Debug|Any CPU
		{120099CF-9412-43E6-A38D-4DADE7420391}.Release|Any CPU.ActiveCfg = Release|Any CPU
		{120099CF-9412-43E6-A38D-4DADE7420391}.Release|Any CPU.Build.0 = Release|Any CPU
		{6CF07C8B-8B47-477A-BA6F-6B99C749576B}.Debug|Any CPU.ActiveCfg = Debug|Any CPU
		{6CF07C8B-8B47-477A-BA6F-6B99C749576B}.Debug|Any CPU.Build.0 = Debug|Any CPU
		{6CF07C8B-8B47-477A-BA6F-6B99C749576B}.Release|Any CPU.ActiveCfg = Release|Any CPU
		{6CF07C8B-8B47-477A-BA6F-6B99C749576B}.Release|Any CPU.Build.0 = Release|Any CPU
		{D3C86E30-243F-4221-9E57-599050392823}.Debug|Any CPU.ActiveCfg = Debug|Any CPU
		{D3C86E30-243F-4221-9E57-599050392823}.Debug|Any CPU.Build.0 = Debug|Any CPU
		{D3C86E30-243F-4221-9E57-599050392823}.Release|Any CPU.ActiveCfg = Release|Any CPU
		{D3C86E30-243F-4221-9E57-599050392823}.Release|Any CPU.Build.0 = Release|Any CPU
		{79CCDBC9-C4F5-436E-962F-D473F5103A4B}.Debug|Any CPU.ActiveCfg = Debug|Any CPU
		{79CCDBC9-C4F5-436E-962F-D473F5103A4B}.Debug|Any CPU.Build.0 = Debug|Any CPU
		{79CCDBC9-C4F5-436E-962F-D473F5103A4B}.Release|Any CPU.ActiveCfg = Release|Any CPU
		{79CCDBC9-C4F5-436E-962F-D473F5103A4B}.Release|Any CPU.Build.0 = Release|Any CPU
		{6778E35F-96ED-492B-92D7-AD87703C14EC}.Debug|Any CPU.ActiveCfg = Debug|Any CPU
		{6778E35F-96ED-492B-92D7-AD87703C14EC}.Debug|Any CPU.Build.0 = Debug|Any CPU
		{6778E35F-96ED-492B-92D7-AD87703C14EC}.Release|Any CPU.ActiveCfg = Release|Any CPU
		{6778E35F-96ED-492B-92D7-AD87703C14EC}.Release|Any CPU.Build.0 = Release|Any CPU
		{E6FC509C-783A-4229-B562-868230153B40}.Debug|Any CPU.ActiveCfg = Debug|Any CPU
		{E6FC509C-783A-4229-B562-868230153B40}.Debug|Any CPU.Build.0 = Debug|Any CPU
		{E6FC509C-783A-4229-B562-868230153B40}.Release|Any CPU.ActiveCfg = Release|Any CPU
		{E6FC509C-783A-4229-B562-868230153B40}.Release|Any CPU.Build.0 = Release|Any CPU
		{7227C07A-EBBE-421D-9A74-98316D65BB5E}.Debug|Any CPU.ActiveCfg = Debug|Any CPU
		{7227C07A-EBBE-421D-9A74-98316D65BB5E}.Debug|Any CPU.Build.0 = Debug|Any CPU
		{7227C07A-EBBE-421D-9A74-98316D65BB5E}.Release|Any CPU.ActiveCfg = Release|Any CPU
		{7227C07A-EBBE-421D-9A74-98316D65BB5E}.Release|Any CPU.Build.0 = Release|Any CPU
		{21EED804-B8C8-4AEA-8A9C-9F426F351BB5}.Debug|Any CPU.ActiveCfg = Debug|Any CPU
		{21EED804-B8C8-4AEA-8A9C-9F426F351BB5}.Debug|Any CPU.Build.0 = Debug|Any CPU
		{21EED804-B8C8-4AEA-8A9C-9F426F351BB5}.Release|Any CPU.ActiveCfg = Release|Any CPU
		{21EED804-B8C8-4AEA-8A9C-9F426F351BB5}.Release|Any CPU.Build.0 = Release|Any CPU
		{997A473C-6AF3-46B6-A88D-E98EFADDF8ED}.Debug|Any CPU.ActiveCfg = Debug|Any CPU
		{997A473C-6AF3-46B6-A88D-E98EFADDF8ED}.Debug|Any CPU.Build.0 = Debug|Any CPU
		{997A473C-6AF3-46B6-A88D-E98EFADDF8ED}.Release|Any CPU.ActiveCfg = Release|Any CPU
		{997A473C-6AF3-46B6-A88D-E98EFADDF8ED}.Release|Any CPU.Build.0 = Release|Any CPU
		{C602BD76-F278-4B17-84F5-2D2062AE9AAC}.Debug|Any CPU.ActiveCfg = Debug|Any CPU
		{C602BD76-F278-4B17-84F5-2D2062AE9AAC}.Debug|Any CPU.Build.0 = Debug|Any CPU
		{C602BD76-F278-4B17-84F5-2D2062AE9AAC}.Release|Any CPU.ActiveCfg = Release|Any CPU
		{C602BD76-F278-4B17-84F5-2D2062AE9AAC}.Release|Any CPU.Build.0 = Release|Any CPU
		{27D2CB01-4865-40C9-BABA-DC5758BAFD5E}.Debug|Any CPU.ActiveCfg = Debug|Any CPU
		{27D2CB01-4865-40C9-BABA-DC5758BAFD5E}.Debug|Any CPU.Build.0 = Debug|Any CPU
		{27D2CB01-4865-40C9-BABA-DC5758BAFD5E}.Release|Any CPU.ActiveCfg = Release|Any CPU
		{27D2CB01-4865-40C9-BABA-DC5758BAFD5E}.Release|Any CPU.Build.0 = Release|Any CPU
		{E6C46CC6-3613-4A79-86A3-E10A5D0A2FE7}.Debug|Any CPU.ActiveCfg = Debug|Any CPU
		{E6C46CC6-3613-4A79-86A3-E10A5D0A2FE7}.Debug|Any CPU.Build.0 = Debug|Any CPU
		{E6C46CC6-3613-4A79-86A3-E10A5D0A2FE7}.Release|Any CPU.ActiveCfg = Release|Any CPU
		{E6C46CC6-3613-4A79-86A3-E10A5D0A2FE7}.Release|Any CPU.Build.0 = Release|Any CPU
	EndGlobalSection
	GlobalSection(SolutionProperties) = preSolution
		HideSolutionNode = FALSE
	EndGlobalSection
EndGlobal
